
Microsoft Visual Studio Solution File, Format Version 12.00
# Visual Studio Version 16
VisualStudioVersion = 16.0.29009.5
MinimumVisualStudioVersion = 10.0.40219.1
Project("{9A19103F-16F7-4668-BE54-9A1E7A4F7556}") = "MunroLibrary", "MunroLibrary\MunroLibrary.csproj", "{9C4BF476-D9FD-4DDD-8DB9-09C746219CE1}"
EndProject
Project("{FAE04EC0-301F-11D3-BF4B-00C04F79EFBC}") = "MunroLibraryTest", "MunroLibraryTest\MunroLibraryTest.csproj", "{0593319D-788A-414D-8966-6C68A32413AD}"
EndProject
Global
	GlobalSection(SolutionConfigurationPlatforms) = preSolution
		Debug|Any CPU = Debug|Any CPU
		Release|Any CPU = Release|Any CPU
	EndGlobalSection
	GlobalSection(ProjectConfigurationPlatforms) = postSolution
		{9C4BF476-D9FD-4DDD-8DB9-09C746219CE1}.Debug|Any CPU.ActiveCfg = Debug|Any CPU
		{9C4BF476-D9FD-4DDD-8DB9-09C746219CE1}.Debug|Any CPU.Build.0 = Debug|Any CPU
		{9C4BF476-D9FD-4DDD-8DB9-09C746219CE1}.Release|Any CPU.ActiveCfg = Release|Any CPU
		{9C4BF476-D9FD-4DDD-8DB9-09C746219CE1}.Release|Any CPU.Build.0 = Release|Any CPU
		{0593319D-788A-414D-8966-6C68A32413AD}.Debug|Any CPU.ActiveCfg = Debug|Any CPU
		{0593319D-788A-414D-8966-6C68A32413AD}.Debug|Any CPU.Build.0 = Debug|Any CPU
		{0593319D-788A-414D-8966-6C68A32413AD}.Release|Any CPU.ActiveCfg = Release|Any CPU
		{0593319D-788A-414D-8966-6C68A32413AD}.Release|Any CPU.Build.0 = Release|Any CPU
	EndGlobalSection
	GlobalSection(SolutionProperties) = preSolution
		HideSolutionNode = FALSE
	EndGlobalSection
	GlobalSection(ExtensibilityGlobals) = postSolution
		SolutionGuid = {16307EEF-5B3D-47E7-AFB2-7AA5C808C77B}
	EndGlobalSection
EndGlobal
